
Microsoft Visual Studio Solution File, Format Version 12.00
# Visual Studio Version 16
VisualStudioVersion = 16.0.32413.511
MinimumVisualStudioVersion = 10.0.40219.1
Project("{FAE04EC0-301F-11D3-BF4B-00C04F79EFBC}") = "Calculator", "Calculator\Calculator.csproj", "{B4B60BD2-ACBA-469B-995B-28A01FBE4E89}"
EndProject
Global
	GlobalSection(SolutionConfigurationPlatforms) = preSolution
		Debug|Any CPU = Debug|Any CPU
		Release|Any CPU = Release|Any CPU
	EndGlobalSection
	GlobalSection(ProjectConfigurationPlatforms) = postSolution
		{B4B60BD2-ACBA-469B-995B-28A01FBE4E89}.Debug|Any CPU.ActiveCfg = Debug|Any CPU
		{B4B60BD2-ACBA-469B-995B-28A01FBE4E89}.Debug|Any CPU.Build.0 = Debug|Any CPU
		{B4B60BD2-ACBA-469B-995B-28A01FBE4E89}.Release|Any CPU.ActiveCfg = Release|Any CPU
		{B4B60BD2-ACBA-469B-995B-28A01FBE4E89}.Release|Any CPU.Build.0 = Release|Any CPU
	EndGlobalSection
	GlobalSection(SolutionProperties) = preSolution
		HideSolutionNode = FALSE
	EndGlobalSection
	GlobalSection(ExtensibilityGlobals) = postSolution
		SolutionGuid = {FDE9545A-2CB9-4A44-A882-EF8081C4600D}
	EndGlobalSection
EndGlobal
